name: Refresh Terraform provider lock

# Any change to which Terraform providers a `*-tf` config needs (a new `required_providers` entry,
# or a version bump) can leave harmony-tf/.terraform.lock.hcl out of sync with the source that
# describes it - most commonly Renovate's terraform-provider customManager (see renovate.json),
# which only rewrites the exact `version` pin and can't run `tofu init -upgrade` itself, but equally
# a hand-written change that adds a provider outright (see #640, which is what prompted this job's
# existence - harmony-tf-apply failed on deploy because nothing had refreshed the lock file for the
# new provider it added).
#
# This used to run per-PR and push the refresh back onto whichever PR changed a provider, so the
# lock-file diff was reviewed alongside the change that prompted it. That broke once Renovate's own
# `terraform-provider` PRs started tripping it too: GitHub auto-runs Dependabot's and Renovate's own
# commits, but a follow-up commit from `github-actions[bot]` stacked on top of one of their PRs isn't
# similarly trusted, isn't a repo collaborator, and gets its `synchronize`-triggered checks (on that
# PR and every other workflow on it) stuck behind manual approval instead of running. Running on a
# schedule and opening a standalone PR instead sidesteps that: it never pushes onto someone else's
# branch. The trade-off is a lag of up to a day between a provider bump landing on main and the lock
# file catching up; deploys here are manual, so that's acceptable (see the "keep these PRs from
# automerging" decision in renovate.json's terraform-provider packageRule, which still applies
# regardless of this).
on:
  schedule:
    - cron: "0 6 * * *"
  workflow_dispatch:

permissions:
  contents: write
  pull-requests: write

concurrency:
  group: ${{ github.workflow }}
  cancel-in-progress: false

jobs:
  refresh-lock:
    runs-on: ubuntu-latest
    steps:
      # ref: main - `workflow_dispatch` defaults to whatever branch it's run from, which would
      # otherwise let a manual dispatch off a non-default branch refresh the lock file against that
      # branch's Terraform config instead of main's. persist-credentials: false - the push step
      # supplies its own token (see below), so the default GITHUB_TOKEN doesn't need to sit in
      # .git/config while `nix build` evaluates this repo's Nix code.
      - uses: actions/checkout@3d3c42e5aac5ba805825da76410c181273ba90b1 # v7.0.1
        with:
          ref: main
          persist-credentials: false

      - name: Install Nix
        uses: cachix/install-nix-action@13d8dd58da0234aa297dedd986986ccb8e7f3e24 # v31.11.1
        with:
          extra_nix_config: |
            accept-flake-config = true

      # No authToken: this job only needs to PULL prebuilt artifacts for speed, never push, so it
      # doesn't need (and shouldn't be handed) a secret capable of writing to the cache.
      - name: Setup Nix cache
        uses: cachix/cachix-action@38b082610b782e7e93e209c35fd730d399dee866 # v17
        with:
          name: oscarmarshall
          extraPullNames: nix-community

      # Deliberately NOT `nix run .#harmony-tf.init`/`.terraform` - both go through the same wrapped
      # `tofu` binary, whose prefixText (modules/terranix.nix) unconditionally tries to `agenix view`
      # secrets/generated/harmony-tf.env.age when the file exists. That file IS committed, so it's
      # present in this checkout, but CI has no YubiKey/age identity to decrypt it with, and that
      # step would fail. Building the generated config.tf.json directly and driving a plain
      # `opentofu` binary bypasses the wrapper - and its secret handling - entirely; `init -upgrade`
      # never needed provider credentials anyway (see the header comment above).
      - name: Refresh harmony-tf lock file
        env:
          # terraform.encryption (modules/terranix.nix, unconditional on every `*-tf` config) needs
          # this to statically evaluate at all, even for `init -upgrade` - which never reads or
          # writes state, so the actual value here is irrelevant, it just has to be non-empty.
          TF_VAR_OPEN_TOFU_STATE_PASSPHRASE: unused-init-upgrade-never-touches-state
        run: |
          config="$(nix build .#harmony-tf.config --no-link --print-out-paths)"
          mkdir -p harmony-tf
          ln -sf "$config" harmony-tf/config.tf.json
          cd harmony-tf
          nix run nixpkgs#opentofu -- init -upgrade

      - name: Open PR if lock file changed
        uses: peter-evans/create-pull-request@5f6978faf089d4d20b00c7766989d076bb2fc7f1 # v8.1.1
        with:
          # Falls back to github.token if secrets.PAT isn't set - but a PR opened with the default
          # GITHUB_TOKEN doesn't fire a `pull_request` event, so Test/Format/etc wouldn't run against
          # it; set the PAT secret for that to actually happen.
          token: ${{ secrets.PAT || github.token }}
          add-paths: harmony-tf/.terraform.lock.hcl
          commit-message: "chore(harmony-tf): refresh provider lock file"
          title: "chore(harmony-tf): refresh provider lock file"
          body: Refreshes `harmony-tf/.terraform.lock.hcl` to match current provider requirements.
          branch: refresh-harmony-tf-lock
          delete-branch: true
